
Microsoft Visual Studio Solution File, Format Version 12.00
# Visual Studio Version 16
VisualStudioVersion = 16.0.30011.22
MinimumVisualStudioVersion = 10.0.40219.1
Project("{9A19103F-16F7-4668-BE54-9A1E7A4F7556}") = "JeuxStarWars", "JeuxStarWars\JeuxStarWars.csproj", "{F1225A6D-E27F-4345-8EFE-9E654C23E451}"
EndProject
Global
	GlobalSection(SolutionConfigurationPlatforms) = preSolution
		Debug|Any CPU = Debug|Any CPU
		Debug|x64 = Debug|x64
		Livrable|Any CPU = Livrable|Any CPU
		Livrable|x64 = Livrable|x64
		Release|Any CPU = Release|Any CPU
		Release|x64 = Release|x64
	EndGlobalSection
	GlobalSection(ProjectConfigurationPlatforms) = postSolution
		{F1225A6D-E27F-4345-8EFE-9E654C23E451}.Debug|Any CPU.ActiveCfg = Debug|Any CPU
		{F1225A6D-E27F-4345-8EFE-9E654C23E451}.Debug|Any CPU.Build.0 = Debug|Any CPU
		{F1225A6D-E27F-4345-8EFE-9E654C23E451}.Debug|x64.ActiveCfg = Debug|x64
		{F1225A6D-E27F-4345-8EFE-9E654C23E451}.Debug|x64.Build.0 = Debug|x64
		{F1225A6D-E27F-4345-8EFE-9E654C23E451}.Livrable|Any CPU.ActiveCfg = Livrable|Any CPU
		{F1225A6D-E27F-4345-8EFE-9E654C23E451}.Livrable|Any CPU.Build.0 = Livrable|Any CPU
		{F1225A6D-E27F-4345-8EFE-9E654C23E451}.Livrable|x64.ActiveCfg = Livrable|x64
		{F1225A6D-E27F-4345-8EFE-9E654C23E451}.Livrable|x64.Build.0 = Livrable|x64
		{F1225A6D-E27F-4345-8EFE-9E654C23E451}.Release|Any CPU.ActiveCfg = Release|Any CPU
		{F1225A6D-E27F-4345-8EFE-9E654C23E451}.Release|Any CPU.Build.0 = Release|Any CPU
		{F1225A6D-E27F-4345-8EFE-9E654C23E451}.Release|x64.ActiveCfg = Release|x64
		{F1225A6D-E27F-4345-8EFE-9E654C23E451}.Release|x64.Build.0 = Release|x64
	EndGlobalSection
	GlobalSection(SolutionProperties) = preSolution
		HideSolutionNode = FALSE
	EndGlobalSection
	GlobalSection(ExtensibilityGlobals) = postSolution
		SolutionGuid = {FE5E7346-88C1-45F3-B513-06746EDBFD7F}
	EndGlobalSection
EndGlobal
